{
  "requires": true,
  "lockfileVersion": 1,
  "dependencies": {
    "simple-keyboard": {
      "version": "3.4.94",
      "resolved": "https://registry.npmjs.org/simple-keyboard/-/simple-keyboard-3.4.94.tgz",
      "integrity": "sha512-vP5ytxC0/GQvtVrcDe9apPmlQMdtFEUT94YLPhcKJf1rCoT+Wu2U9ISTsPO9zj6dVtSoew5Ih9n1828S5imqcA=="
    }
  }
}
